
Microsoft Visual Studio Solution File, Format Version 12.00
# Visual Studio 14
VisualStudioVersion = 14.0.25420.1
MinimumVisualStudioVersion = 10.0.40219.1
Project("{FAE04EC0-301F-11D3-BF4B-00C04F79EFBC}") = "Runner", "Runner\Runner.csproj", "{105EABDB-5B93-4CC6-92C7-4E8F15DC5576}"
EndProject
Project("{FAE04EC0-301F-11D3-BF4B-00C04F79EFBC}") = "Teleware.Algorithm.TableBuilder.Shared", "Teleware.Algorithm.Table.Shared\Teleware.Algorithm.TableBuilder.Shared.csproj", "{41C4562F-FB21-4444-938C-2F040B17A61A}"
EndProject
Project("{FAE04EC0-301F-11D3-BF4B-00C04F79EFBC}") = "Teleware.Algorithm.TableBodyBuilder", "Teleware.Algorithm.TableBodyBuilder\Teleware.Algorithm.TableBodyBuilder.csproj", "{B559712E-4825-4910-A993-DDB9D73122FF}"
EndProject
Global
	GlobalSection(SolutionConfigurationPlatforms) = preSolution
		Debug|Any CPU = Debug|Any CPU
		Release|Any CPU = Release|Any CPU
	EndGlobalSection
	GlobalSection(ProjectConfigurationPlatforms) = postSolution
		{105EABDB-5B93-4CC6-92C7-4E8F15DC5576}.Debug|Any CPU.ActiveCfg = Debug|Any CPU
		{105EABDB-5B93-4CC6-92C7-4E8F15DC5576}.Debug|Any CPU.Build.0 = Debug|Any CPU
		{105EABDB-5B93-4CC6-92C7-4E8F15DC5576}.Release|Any CPU.ActiveCfg = Release|Any CPU
		{105EABDB-5B93-4CC6-92C7-4E8F15DC5576}.Release|Any CPU.Build.0 = Release|Any CPU
		{41C4562F-FB21-4444-938C-2F040B17A61A}.Debug|Any CPU.ActiveCfg = Debug|Any CPU
		{41C4562F-FB21-4444-938C-2F040B17A61A}.Debug|Any CPU.Build.0 = Debug|Any CPU
		{41C4562F-FB21-4444-938C-2F040B17A61A}.Release|Any CPU.ActiveCfg = Release|Any CPU
		{41C4562F-FB21-4444-938C-2F040B17A61A}.Release|Any CPU.Build.0 = Release|Any CPU
		{B559712E-4825-4910-A993-DDB9D73122FF}.Debug|Any CPU.ActiveCfg = Debug|Any CPU
		{B559712E-4825-4910-A993-DDB9D73122FF}.Debug|Any CPU.Build.0 = Debug|Any CPU
		{B559712E-4825-4910-A993-DDB9D73122FF}.Release|Any CPU.ActiveCfg = Release|Any CPU
		{B559712E-4825-4910-A993-DDB9D73122FF}.Release|Any CPU.Build.0 = Release|Any CPU
	EndGlobalSection
	GlobalSection(SolutionProperties) = preSolution
		HideSolutionNode = FALSE
	EndGlobalSection
EndGlobal
